<?xml version="1.0" encoding="utf-8"?>
<Project ToolsVersion="4.0" xmlns="http://schemas.microsoft.com/developer/msbuild/2003">
  <ItemGroup>
    <ClCompile Include="main.cpp">
      <Filter>Sources</Filter>
    </ClCompile>
    <ClCompile Include="Math.cpp">
      <Filter>Sources</Filter>
    </ClCompile>
    <ClCompile Include="Camera.cpp">
      <Filter>Sources</Filter>
    </ClCompile>
    <ClCompile Include="Quaternion.cpp">
      <Filter>Sources</Filter>
    </ClCompile>
    <ClCompile Include="Tools.cpp">
      <Filter>Sources</Filter>
    </ClCompile>
    <ClCompile Include="Vertex.cpp">
      <Filter>Sources</Filter>
    </ClCompile>
    <ClCompile Include="Point.cpp">
      <Filter>Sources</Filter>
    </ClCompile>
    <ClCompile Include="PatchManager.cpp">
      <Filter>Sources</Filter>
    </ClCompile>
    <ClCompile Include="..\common\EsgiShader.cpp">
      <Filter>Sources</Filter>
    </ClCompile>
    <ClCompile Include="Bezier.cpp">
      <Filter>Sources</Filter>
    </ClCompile>
  </ItemGroup>
  <ItemGroup>
    <ClInclude Include="Math.h">
      <Filter>Headers</Filter>
    </ClInclude>
    <ClInclude Include="Camera.h">
      <Filter>Headers</Filter>
    </ClInclude>
    <ClInclude Include="Quaternion.hpp">
      <Filter>Headers</Filter>
    </ClInclude>
    <ClInclude Include="Tools.h">
      <Filter>Headers</Filter>
    </ClInclude>
    <ClInclude Include="Vertex.h">
      <Filter>Headers</Filter>
    </ClInclude>
    <ClInclude Include="Point.h">
      <Filter>Headers</Filter>
    </ClInclude>
    <ClInclude Include="PatchManager.h">
      <Filter>Headers</Filter>
    </ClInclude>
    <ClInclude Include="..\common\EsgiShader.h">
      <Filter>Headers</Filter>
    </ClInclude>
    <ClInclude Include="Bezier.h">
      <Filter>Headers</Filter>
    </ClInclude>
  </ItemGroup>
  <ItemGroup>
    <Filter Include="Sources">
      <UniqueIdentifier>{036230e7-27a4-449d-84c6-c42d46a29320}</UniqueIdentifier>
    </Filter>
    <Filter Include="Headers">
      <UniqueIdentifier>{85ea46a0-32a8-470b-83f0-11b9436a375c}</UniqueIdentifier>
    </Filter>
    <Filter Include="Shaders">
      <UniqueIdentifier>{5fd3a359-01a0-4f47-87a2-a619ae2e70bd}</UniqueIdentifier>
    </Filter>
  </ItemGroup>
  <ItemGroup>
    <None Include="basicShader.frag">
      <Filter>Shaders</Filter>
    </None>
    <None Include="basicShader.vert">
      <Filter>Shaders</Filter>
    </None>
    <None Include="gridShader.frag">
      <Filter>Shaders</Filter>
    </None>
    <None Include="gridShader.geom">
      <Filter>Shaders</Filter>
    </None>
    <None Include="gridShader.vert">
      <Filter>Shaders</Filter>
    </None>
  </ItemGroup>
</Project>